{
  "name": "baseline_phoenix",
  "lockfileVersion": 3,
  "requires": true,
  "packages": {
    "": {
      "dependencies": {
        "tiny-markdown-editor": "^0.1.29"
      }
    },
    "node_modules/core-js": {
      "version": "3.39.0",
      "resolved": "https://registry.npmjs.org/core-js/-/core-js-3.39.0.tgz",
      "integrity": "sha512-raM0ew0/jJUqkJ0E6e8UDtl+y/7ktFivgWvqw8dNSQeNWoSDLvQ1H/RN3aPXB9tBd4/FhyR4RDPGhsNIMsAn7g==",
      "hasInstallScript": true,
      "license": "MIT",
      "funding": {
        "type": "opencollective",
        "url": "https://opencollective.com/core-js"
      }
    },
    "node_modules/tiny-markdown-editor": {
      "version": "0.1.29",
      "resolved": "https://registry.npmjs.org/tiny-markdown-editor/-/tiny-markdown-editor-0.1.29.tgz",
      "integrity": "sha512-o3sSpoq21YbWjp8Wjcb0QT6Oc0ugNoZ7RgOzDHCUH16fTjj+FubSCro+8k5gDtLhrKuHm+P9cRprB2kbcfsewg==",
      "license": "MIT",
      "dependencies": {
        "core-js": "^3.6.5"
      }
    }
  }
}
